
Microsoft Visual Studio Solution File, Format Version 12.00
# Visual Studio Version 17
VisualStudioVersion = 17.7.34024.191
MinimumVisualStudioVersion = 10.0.40219.1
Project("{FAE04EC0-301F-11D3-BF4B-00C04F79EFBC}") = "ClassLibrary2", "ClassLibrary2\ClassLibrary2.csproj", "{A6182FE4-1EAD-4110-9F3A-C1C755091500}"
EndProject
Project("{FAE04EC0-301F-11D3-BF4B-00C04F79EFBC}") = "TestProject1", "TestProject1\TestProject1.csproj", "{37F86BC1-0381-4232-9907-CBB4D77932E4}"
EndProject
Global
	GlobalSection(SolutionConfigurationPlatforms) = preSolution
		Debug|Any CPU = Debug|Any CPU
		Release|Any CPU = Release|Any CPU
	EndGlobalSection
	GlobalSection(ProjectConfigurationPlatforms) = postSolution
		{A6182FE4-1EAD-4110-9F3A-C1C755091500}.Debug|Any CPU.ActiveCfg = Debug|Any CPU
		{A6182FE4-1EAD-4110-9F3A-C1C755091500}.Debug|Any CPU.Build.0 = Debug|Any CPU
		{A6182FE4-1EAD-4110-9F3A-C1C755091500}.Release|Any CPU.ActiveCfg = Release|Any CPU
		{A6182FE4-1EAD-4110-9F3A-C1C755091500}.Release|Any CPU.Build.0 = Release|Any CPU
		{37F86BC1-0381-4232-9907-CBB4D77932E4}.Debug|Any CPU.ActiveCfg = Debug|Any CPU
		{37F86BC1-0381-4232-9907-CBB4D77932E4}.Debug|Any CPU.Build.0 = Debug|Any CPU
		{37F86BC1-0381-4232-9907-CBB4D77932E4}.Release|Any CPU.ActiveCfg = Release|Any CPU
		{37F86BC1-0381-4232-9907-CBB4D77932E4}.Release|Any CPU.Build.0 = Release|Any CPU
	EndGlobalSection
	GlobalSection(SolutionProperties) = preSolution
		HideSolutionNode = FALSE
	EndGlobalSection
	GlobalSection(ExtensibilityGlobals) = postSolution
		SolutionGuid = {BB96CE98-7A93-46AC-B301-BAF005FE3694}
	EndGlobalSection
EndGlobal
